<Solution>
  <Project Path="DotNetAI.AI.Abstractions/DotNetAI.AI.Abstractions.csproj" />
  <Project Path="DotNetAI.Api/DotNetAI.Api.csproj" />
  <Project Path="DotNetAI.Application/DotNetAI.Application.csproj" />
  <Project Path="DotNetAI.Blazor/DotNetAI.Blazor.csproj" />
  <Project Path="DotNetAI.Console/DotNetAI.Console.csproj" />
  <Project Path="DotNetAI.Infrastructure/DotNetAI.Infrastructure.csproj" />
</Solution>
